<?xml version="1.0" encoding="utf-8"?>
<Project ToolsVersion="4.0" xmlns="http://schemas.microsoft.com/developer/msbuild/2003">
  <ItemGroup>
    <Filter Include="Source Files">
      <UniqueIdentifier>{4FC737F1-C7A5-4376-A066-2A32D752A2FF}</UniqueIdentifier>
      <Extensions>cpp;c;cc;cxx;def;odl;idl;hpj;bat;asm;asmx</Extensions>
    </Filter>
    <Filter Include="Source Files\kernels">
      <UniqueIdentifier>{7aebc692-ef86-4377-9f6f-cd51d8d057c4}</UniqueIdentifier>
    </Filter>
    <Filter Include="Source Files\kernels\CL">
      <UniqueIdentifier>{18084b54-943b-4f76-a487-c0e06bb57553}</UniqueIdentifier>
    </Filter>
    <Filter Include="Source Files\ext">
      <UniqueIdentifier>{e933e7e3-94eb-4e82-8925-a2a4f8dbf5a6}</UniqueIdentifier>
    </Filter>
    <Filter Include="Source Files\BVH">
      <UniqueIdentifier>{4ae3aa16-5213-4084-8ac4-4abc5de41cfe}</UniqueIdentifier>
    </Filter>
    <Filter Include="Source Files\Camera">
      <UniqueIdentifier>{25dda094-4c2a-455d-a95c-13177e2279ce}</UniqueIdentifier>
    </Filter>
    <Filter Include="Source Files\math">
      <UniqueIdentifier>{b3f42cb9-0a67-4228-b856-040c86f96f7a}</UniqueIdentifier>
    </Filter>
    <Filter Include="Source Files\Scene">
      <UniqueIdentifier>{dcc41b61-d020-4ef5-bb2e-61803193a8de}</UniqueIdentifier>
    </Filter>
  </ItemGroup>
  <ItemGroup>
    <ClCompile Include="src\PetTracer.cpp">
      <Filter>Source Files</Filter>
    </ClCompile>
    <ClCompile Include="src\ext\glad.c">
      <Filter>Source Files\ext</Filter>
    </ClCompile>
    <ClCompile Include="src\ext\tiny_obj_loader.cpp">
      <Filter>Source Files\ext</Filter>
    </ClCompile>
    <ClCompile Include="src\Camera.cpp">
      <Filter>Source Files\Camera</Filter>
    </ClCompile>
    <ClCompile Include="src\BVH\SplitBVHBuilder.cpp">
      <Filter>Source Files\BVH</Filter>
    </ClCompile>
    <ClCompile Include="src\Buffer.cpp">
      <Filter>Source Files</Filter>
    </ClCompile>
    <ClCompile Include="src\Scene\Scene.cpp">
      <Filter>Source Files\Scene</Filter>
    </ClCompile>
    <ClCompile Include="src\BVH\PlainBVHTranslator.cpp">
      <Filter>Source Files\BVH</Filter>
    </ClCompile>
    <ClCompile Include="src\BVH\BVH.cpp">
      <Filter>Source Files\BVH</Filter>
    </ClCompile>
    <ClCompile Include="src\RenderApp.cpp">
      <Filter>Source Files</Filter>
    </ClCompile>
  </ItemGroup>
  <ItemGroup>
    <None Include="src\kernels\CL\camera.cl">
      <Filter>Source Files\kernels\CL</Filter>
    </None>
    <None Include="src\kernels\CL\integrator_pt.cl">
      <Filter>Source Files\kernels\CL</Filter>
    </None>
    <None Include="src\kernels\CL\opencl_kernel.cl">
      <Filter>Source Files\kernels\CL</Filter>
    </None>
    <None Include="src\kernels\CL\primitives.cl">
      <Filter>Source Files\kernels\CL</Filter>
    </None>
    <None Include="src\kernels\CL\random.cl">
      <Filter>Source Files\kernels\CL</Filter>
    </None>
    <None Include="src\kernels\CL\tracer.cl">
      <Filter>Source Files\kernels\CL</Filter>
    </None>
    <None Include="src\kernels\CL\bvh.cl">
      <Filter>Source Files\kernels\CL</Filter>
    </None>
    <None Include="src\kernels\CL\ray.cl">
      <Filter>Source Files\kernels\CL</Filter>
    </None>
    <None Include="src\kernels\CL\common.cl">
      <Filter>Source Files\kernels\CL</Filter>
    </None>
    <None Include="src\kernels\CL\path.cl">
      <Filter>Source Files\kernels\CL</Filter>
    </None>
    <None Include="src\kernels\CL\scene.cl">
      <Filter>Source Files\kernels\CL</Filter>
    </None>
    <None Include="src\kernels\CL\material.cl">
      <Filter>Source Files\kernels\CL</Filter>
    </None>
  </ItemGroup>
  <ItemGroup>
    <ClInclude Include="include\math\MathUtils.h">
      <Filter>Source Files\math</Filter>
    </ClInclude>
    <ClInclude Include="include\math\float3.h">
      <Filter>Source Files\math</Filter>
    </ClInclude>
    <ClInclude Include="include\math\float2.h">
      <Filter>Source Files\math</Filter>
    </ClInclude>
    <ClInclude Include="include\math\quaternion.h">
      <Filter>Source Files\math</Filter>
    </ClInclude>
    <ClInclude Include="include\math\matrix.h">
      <Filter>Source Files\math</Filter>
    </ClInclude>
    <ClInclude Include="include\Camera.h">
      <Filter>Source Files\Camera</Filter>
    </ClInclude>
    <ClInclude Include="include\TracerTypes.h">
      <Filter>Source Files</Filter>
    </ClInclude>
    <ClInclude Include="src\BVH\BVH.h">
      <Filter>Source Files\BVH</Filter>
    </ClInclude>
    <ClInclude Include="src\BVH\BVHNode.h">
      <Filter>Source Files\BVH</Filter>
    </ClInclude>
    <ClInclude Include="src\BVH\SplitBVHBuilder.h">
      <Filter>Source Files\BVH</Filter>
    </ClInclude>
    <ClInclude Include="src\Scene\Scene.h">
      <Filter>Source Files\Scene</Filter>
    </ClInclude>
    <ClInclude Include="src\Buffer.h">
      <Filter>Source Files</Filter>
    </ClInclude>
    <ClInclude Include="src\Timer.h">
      <Filter>Source Files</Filter>
    </ClInclude>
    <ClInclude Include="src\BVH\PlainBVHTranslator.h">
      <Filter>Source Files\BVH</Filter>
    </ClInclude>
    <ClInclude Include="include\RenderApp.h">
      <Filter>Source Files</Filter>
    </ClInclude>
    <ClInclude Include="src\kernels\KernelManager.h">
      <Filter>Source Files\kernels</Filter>
    </ClInclude>
  </ItemGroup>
</Project>